
Microsoft Visual Studio Solution File, Format Version 12.00
# Visual Studio Version 17
VisualStudioVersion = 17.14.36616.10
MinimumVisualStudioVersion = 10.0.40219.1
Project("{FAE04EC0-301F-11D3-BF4B-00C04F79EFBC}") = "Tasks1and2_SimpleApiWithDI", "Tasks1and2_SimpleApiWithDI\Tasks1and2_SimpleApiWithDI.csproj", "{65B61FC4-F58B-4EC4-AE58-B5F10EAA0571}"
EndProject
Project("{FAE04EC0-301F-11D3-BF4B-00C04F79EFBC}") = "BooksKeeper.Domain", "BooksKeeper.Domain\BooksKeeper.Domain.csproj", "{45786CC2-0FEC-43A5-B0C5-B2AB54ED916E}"
EndProject
Project("{FAE04EC0-301F-11D3-BF4B-00C04F79EFBC}") = "BooksKeeper.Application", "BooksKeeper.Application\BooksKeeper.Application.csproj", "{4E529EA0-8ABD-4A56-9F47-0F694D1076A7}"
EndProject
Project("{FAE04EC0-301F-11D3-BF4B-00C04F79EFBC}") = "BooksKepeer.WebAPI", "BooksKepeer.WebAPI\BooksKepeer.WebAPI.csproj", "{5AEFF6FE-AC52-4E53-8EE6-CEB7542CA448}"
EndProject
Project("{FAE04EC0-301F-11D3-BF4B-00C04F79EFBC}") = "BooksKeeper.Infrastructure", "BooksKeeper.Infrastructure\BooksKeeper.Infrastructure.csproj", "{627CF665-3E6F-4AE7-B638-CE6B5E9B28DE}"
EndProject
Project("{E53339B2-1760-4266-BCC7-CA923CBCF16C}") = "docker-compose", "docker-compose.dcproj", "{81DDED9D-158B-E303-5F62-77A2896D2A5A}"
EndProject
Project("{2150E333-8FDC-42A3-9474-1A3956D46DE8}") = "tests", "tests", "{36D591C7-65C7-A0D1-1CBC-10CDE441BDC8}"
	ProjectSection(SolutionItems) = preProject
		Cookies vs Tokens.md = Cookies vs Tokens.md
	EndProjectSection
EndProject
Project("{FAE04EC0-301F-11D3-BF4B-00C04F79EFBC}") = "BooksKeeper.Tests", "tests\BooksKeeper.Tests\BooksKeeper.Tests.csproj", "{CD069144-7896-4FE9-8160-E2DA54E85337}"
EndProject
Global
	GlobalSection(SolutionConfigurationPlatforms) = preSolution
		Debug|Any CPU = Debug|Any CPU
		Release|Any CPU = Release|Any CPU
	EndGlobalSection
	GlobalSection(ProjectConfigurationPlatforms) = postSolution
		{65B61FC4-F58B-4EC4-AE58-B5F10EAA0571}.Debug|Any CPU.ActiveCfg = Debug|Any CPU
		{65B61FC4-F58B-4EC4-AE58-B5F10EAA0571}.Debug|Any CPU.Build.0 = Debug|Any CPU
		{65B61FC4-F58B-4EC4-AE58-B5F10EAA0571}.Release|Any CPU.ActiveCfg = Release|Any CPU
		{65B61FC4-F58B-4EC4-AE58-B5F10EAA0571}.Release|Any CPU.Build.0 = Release|Any CPU
		{45786CC2-0FEC-43A5-B0C5-B2AB54ED916E}.Debug|Any CPU.ActiveCfg = Debug|Any CPU
		{45786CC2-0FEC-43A5-B0C5-B2AB54ED916E}.Debug|Any CPU.Build.0 = Debug|Any CPU
		{45786CC2-0FEC-43A5-B0C5-B2AB54ED916E}.Release|Any CPU.ActiveCfg = Release|Any CPU
		{45786CC2-0FEC-43A5-B0C5-B2AB54ED916E}.Release|Any CPU.Build.0 = Release|Any CPU
		{4E529EA0-8ABD-4A56-9F47-0F694D1076A7}.Debug|Any CPU.ActiveCfg = Debug|Any CPU
		{4E529EA0-8ABD-4A56-9F47-0F694D1076A7}.Debug|Any CPU.Build.0 = Debug|Any CPU
		{4E529EA0-8ABD-4A56-9F47-0F694D1076A7}.Release|Any CPU.ActiveCfg = Release|Any CPU
		{4E529EA0-8ABD-4A56-9F47-0F694D1076A7}.Release|Any CPU.Build.0 = Release|Any CPU
		{5AEFF6FE-AC52-4E53-8EE6-CEB7542CA448}.Debug|Any CPU.ActiveCfg = Debug|Any CPU
		{5AEFF6FE-AC52-4E53-8EE6-CEB7542CA448}.Debug|Any CPU.Build.0 = Debug|Any CPU
		{5AEFF6FE-AC52-4E53-8EE6-CEB7542CA448}.Release|Any CPU.ActiveCfg = Release|Any CPU
		{5AEFF6FE-AC52-4E53-8EE6-CEB7542CA448}.Release|Any CPU.Build.0 = Release|Any CPU
		{627CF665-3E6F-4AE7-B638-CE6B5E9B28DE}.Debug|Any CPU.ActiveCfg = Debug|Any CPU
		{627CF665-3E6F-4AE7-B638-CE6B5E9B28DE}.Debug|Any CPU.Build.0 = Debug|Any CPU
		{627CF665-3E6F-4AE7-B638-CE6B5E9B28DE}.Release|Any CPU.ActiveCfg = Release|Any CPU
		{627CF665-3E6F-4AE7-B638-CE6B5E9B28DE}.Release|Any CPU.Build.0 = Release|Any CPU
		{81DDED9D-158B-E303-5F62-77A2896D2A5A}.Debug|Any CPU.ActiveCfg = Debug|Any CPU
		{81DDED9D-158B-E303-5F62-77A2896D2A5A}.Debug|Any CPU.Build.0 = Debug|Any CPU
		{81DDED9D-158B-E303-5F62-77A2896D2A5A}.Release|Any CPU.ActiveCfg = Release|Any CPU
		{81DDED9D-158B-E303-5F62-77A2896D2A5A}.Release|Any CPU.Build.0 = Release|Any CPU
		{CD069144-7896-4FE9-8160-E2DA54E85337}.Debug|Any CPU.ActiveCfg = Debug|Any CPU
		{CD069144-7896-4FE9-8160-E2DA54E85337}.Debug|Any CPU.Build.0 = Debug|Any CPU
		{CD069144-7896-4FE9-8160-E2DA54E85337}.Release|Any CPU.ActiveCfg = Release|Any CPU
		{CD069144-7896-4FE9-8160-E2DA54E85337}.Release|Any CPU.Build.0 = Release|Any CPU
	EndGlobalSection
	GlobalSection(SolutionProperties) = preSolution
		HideSolutionNode = FALSE
	EndGlobalSection
	GlobalSection(NestedProjects) = preSolution
		{CD069144-7896-4FE9-8160-E2DA54E85337} = {36D591C7-65C7-A0D1-1CBC-10CDE441BDC8}
	EndGlobalSection
	GlobalSection(ExtensibilityGlobals) = postSolution
		SolutionGuid = {0B3F5340-EB69-4DBE-929F-AD38B0BC1B8C}
	EndGlobalSection
EndGlobal
